{
  "lockfile_version": "1",
  "packages": {
    "clang-tools@latest": {
      "last_modified": "2025-03-11T17:52:14Z",
      "resolved": "github:NixOS/nixpkgs/0d534853a55b5d02a4ababa1d71921ce8f0aee4c#clang-tools",
      "source": "devbox-search",
      "version": "19.1.7",
      "systems": {
        "aarch64-darwin": {
          "outputs": [
            {
              "name": "out",
              "path": "/nix/store/w9nsgv4q992vzxz0iwcd1835fdkxv9az-clang-tools-19.1.7",
              "default": true
            }
          ],
          "store_path": "/nix/store/w9nsgv4q992vzxz0iwcd1835fdkxv9az-clang-tools-19.1.7"
        },
        "aarch64-linux": {
          "outputs": [
            {
              "name": "out",
              "path": "/nix/store/vqcmbwh0cx2vqb1apajs67jbx53j5vhp-clang-tools-19.1.7",
              "default": true
            }
          ],
          "store_path": "/nix/store/vqcmbwh0cx2vqb1apajs67jbx53j5vhp-clang-tools-19.1.7"
        },
        "x86_64-darwin": {
          "outputs": [
            {
              "name": "out",
              "path": "/nix/store/fcf94fzdv0l2g9sypm2mv6k1qi558cyn-clang-tools-19.1.7",
              "default": true
            }
          ],
          "store_path": "/nix/store/fcf94fzdv0l2g9sypm2mv6k1qi558cyn-clang-tools-19.1.7"
        },
        "x86_64-linux": {
          "outputs": [
            {
              "name": "out",
              "path": "/nix/store/7x4jl492xdhwzqq5dhxm5alisqazmih0-clang-tools-19.1.7",
              "default": true
            }
          ],
          "store_path": "/nix/store/7x4jl492xdhwzqq5dhxm5alisqazmih0-clang-tools-19.1.7"
        }
      }
    },
    "clang@latest": {
      "last_modified": "2025-03-23T05:31:05Z",
      "resolved": "github:NixOS/nixpkgs/dd613136ee91f67e5dba3f3f41ac99ae89c5406b#clang",
      "source": "devbox-search",
      "version": "19.1.7",
      "systems": {
        "aarch64-darwin": {
          "outputs": [
            {
              "name": "out",
              "path": "/nix/store/x8j5wizxn1qwa0zj3a4rbmipigl614jv-clang-wrapper-19.1.7",
              "default": true
            }
          ],
          "store_path": "/nix/store/x8j5wizxn1qwa0zj3a4rbmipigl614jv-clang-wrapper-19.1.7"
        },
        "aarch64-linux": {
          "outputs": [
            {
              "name": "out",
              "path": "/nix/store/jdfxhsmslm5ipvfmhc250awawwv8r2j8-clang-wrapper-19.1.7",
              "default": true
            }
          ],
          "store_path": "/nix/store/jdfxhsmslm5ipvfmhc250awawwv8r2j8-clang-wrapper-19.1.7"
        },
        "x86_64-darwin": {
          "outputs": [
            {
              "name": "out",
              "path": "/nix/store/5c7vhjf0l6hl2j9sygngj6ybrkj6iv8n-clang-wrapper-19.1.7",
              "default": true
            }
          ],
          "store_path": "/nix/store/5c7vhjf0l6hl2j9sygngj6ybrkj6iv8n-clang-wrapper-19.1.7"
        },
        "x86_64-linux": {
          "outputs": [
            {
              "name": "out",
              "path": "/nix/store/q87df3dw0x7r1k9gagir9a5sdi3gmw4a-clang-wrapper-19.1.7",
              "default": true
            }
          ],
          "store_path": "/nix/store/q87df3dw0x7r1k9gagir9a5sdi3gmw4a-clang-wrapper-19.1.7"
        }
      }
    },
    "cmake@latest": {
      "last_modified": "2025-03-23T05:31:05Z",
      "resolved": "github:NixOS/nixpkgs/dd613136ee91f67e5dba3f3f41ac99ae89c5406b#cmake",
      "source": "devbox-search",
      "version": "3.31.5",
      "systems": {
        "aarch64-darwin": {
          "outputs": [
            {
              "name": "out",
              "path": "/nix/store/kk8pi5s49dbs5h0ald0w8cd42c4bwnqr-cmake-3.31.5",
              "default": true
            }
          ],
          "store_path": "/nix/store/kk8pi5s49dbs5h0ald0w8cd42c4bwnqr-cmake-3.31.5"
        },
        "aarch64-linux": {
          "outputs": [
            {
              "name": "out",
              "path": "/nix/store/xn9sd8gm81ls18qkgj5qnmfsnqi1p7gm-cmake-3.31.5",
              "default": true
            },
            {
              "name": "debug",
              "path": "/nix/store/7raphg07gdclykxp2d388bf79rqzj8f0-cmake-3.31.5-debug"
            }
          ],
          "store_path": "/nix/store/xn9sd8gm81ls18qkgj5qnmfsnqi1p7gm-cmake-3.31.5"
        },
        "x86_64-darwin": {
          "outputs": [
            {
              "name": "out",
              "path": "/nix/store/p9w37j80q80qid636hpgdwpknmrya75h-cmake-3.31.5",
              "default": true
            }
          ],
          "store_path": "/nix/store/p9w37j80q80qid636hpgdwpknmrya75h-cmake-3.31.5"
        },
        "x86_64-linux": {
          "outputs": [
            {
              "name": "out",
              "path": "/nix/store/ciiwq1ymzac9m5azhf4higkynmy3f8f7-cmake-3.31.5",
              "default": true
            },
            {
              "name": "debug",
              "path": "/nix/store/wnbcfvxq19wgyan7kdr25b201hjqfvan-cmake-3.31.5-debug"
            }
          ],
          "store_path": "/nix/store/ciiwq1ymzac9m5azhf4higkynmy3f8f7-cmake-3.31.5"
        }
      }
    },
    "emscripten@latest": {
      "last_modified": "2025-03-11T17:52:14Z",
      "resolved": "github:NixOS/nixpkgs/0d534853a55b5d02a4ababa1d71921ce8f0aee4c#emscripten",
      "source": "devbox-search",
      "version": "3.1.73",
      "systems": {
        "aarch64-darwin": {
          "outputs": [
            {
              "name": "out",
              "path": "/nix/store/p4i5mbx59ngmdiqp6s4fl53v1jipw965-emscripten-3.1.73",
              "default": true
            }
          ],
          "store_path": "/nix/store/p4i5mbx59ngmdiqp6s4fl53v1jipw965-emscripten-3.1.73"
        },
        "aarch64-linux": {
          "outputs": [
            {
              "name": "out",
              "path": "/nix/store/svk2mdhjsdv40qbvywr324523jw5zmzq-emscripten-3.1.73",
              "default": true
            }
          ],
          "store_path": "/nix/store/svk2mdhjsdv40qbvywr324523jw5zmzq-emscripten-3.1.73"
        },
        "x86_64-darwin": {
          "outputs": [
            {
              "name": "out",
              "path": "/nix/store/69dh5hfdj4w86l6pw1g03wb040gbvsk6-emscripten-3.1.73",
              "default": true
            }
          ],
          "store_path": "/nix/store/69dh5hfdj4w86l6pw1g03wb040gbvsk6-emscripten-3.1.73"
        },
        "x86_64-linux": {
          "outputs": [
            {
              "name": "out",
              "path": "/nix/store/npg438i3fb0xqyig3sj0m01y84didnq5-emscripten-3.1.73",
              "default": true
            }
          ],
          "store_path": "/nix/store/npg438i3fb0xqyig3sj0m01y84didnq5-emscripten-3.1.73"
        }
      }
    },
    "gcc@latest": {
      "last_modified": "2025-03-11T17:52:14Z",
      "resolved": "github:NixOS/nixpkgs/0d534853a55b5d02a4ababa1d71921ce8f0aee4c#gcc",
      "source": "devbox-search",
      "version": "14-20241116",
      "systems": {
        "aarch64-darwin": {
          "outputs": [
            {
              "name": "out",
              "path": "/nix/store/b3nkhhvaccg2bg3cz7msq9nhd5hz0a1m-gcc-wrapper-14-20241116",
              "default": true
            },
            {
              "name": "man",
              "path": "/nix/store/db5gfkj2dwzhhzmaxiy7xlmdlm1ggxf5-gcc-wrapper-14-20241116-man",
              "default": true
            },
            {
              "name": "info",
              "path": "/nix/store/l0dy1h1kp4plq77mkv5sgqlj27w4mf1d-gcc-wrapper-14-20241116-info"
            }
          ],
          "store_path": "/nix/store/b3nkhhvaccg2bg3cz7msq9nhd5hz0a1m-gcc-wrapper-14-20241116"
        },
        "aarch64-linux": {
          "outputs": [
            {
              "name": "out",
              "path": "/nix/store/ir7ny43iqgll895w0g7gqrl451apdny9-gcc-wrapper-14-20241116",
              "default": true
            },
            {
              "name": "man",
              "path": "/nix/store/xjkxrh8ysb9nynsl9l1i4w3fg38i4wik-gcc-wrapper-14-20241116-man",
              "default": true
            },
            {
              "name": "info",
              "path": "/nix/store/4vxhw7a05bv1p2szw82jhkd9k95f0g4x-gcc-wrapper-14-20241116-info"
            }
          ],
          "store_path": "/nix/store/ir7ny43iqgll895w0g7gqrl451apdny9-gcc-wrapper-14-20241116"
        },
        "x86_64-darwin": {
          "outputs": [
            {
              "name": "out",
              "path": "/nix/store/gap05kipvxfasxdaj4xmx8xyrcqq2jzq-gcc-wrapper-14-20241116",
              "default": true
            },
            {
              "name": "man",
              "path": "/nix/store/7kgks0i9lpaxyzvylckjk5myrr2la789-gcc-wrapper-14-20241116-man",
              "default": true
            },
            {
              "name": "info",
              "path": "/nix/store/zckp7ggmar77ckyx85s9m0qfq6bc8ki9-gcc-wrapper-14-20241116-info"
            }
          ],
          "store_path": "/nix/store/gap05kipvxfasxdaj4xmx8xyrcqq2jzq-gcc-wrapper-14-20241116"
        },
        "x86_64-linux": {
          "outputs": [
            {
              "name": "out",
              "path": "/nix/store/gj9lra51hwhxnhz05jqk5lh03wipamv0-gcc-wrapper-14-20241116",
              "default": true
            },
            {
              "name": "man",
              "path": "/nix/store/mh3g8vwnydf4i9wyar80j0lqczqbpq95-gcc-wrapper-14-20241116-man",
              "default": true
            },
            {
              "name": "info",
              "path": "/nix/store/hcifip97ydvf4nmga57fxfl9ra9pdwl6-gcc-wrapper-14-20241116-info"
            }
          ],
          "store_path": "/nix/store/gj9lra51hwhxnhz05jqk5lh03wipamv0-gcc-wrapper-14-20241116"
        }
      }
    },
    "github:NixOS/nixpkgs/nixpkgs-unstable": {
      "last_modified": "2025-04-28T20:04:36Z",
      "resolved": "github:NixOS/nixpkgs/fdb6c240562c5ad516253419cc6f26819705d3e0?lastModified=1745870676&narHash=sha256-IpldIaWrlasZZlKHPxitkrJ1ex4EVphuWYXVDdF5kf4%3D"
    },
    "libGL@latest": {
      "last_modified": "2025-03-11T17:52:14Z",
      "resolved": "github:NixOS/nixpkgs/0d534853a55b5d02a4ababa1d71921ce8f0aee4c#libGL",
      "source": "devbox-search",
      "version": "11.0",
      "systems": {
        "aarch64-darwin": {
          "outputs": [
            {
              "name": "out",
              "path": "/nix/store/r3i92wj0d7iavpkkb15bi8ds0qiwydsx-OpenGL-11.0",
              "default": true
            }
          ],
          "store_path": "/nix/store/r3i92wj0d7iavpkkb15bi8ds0qiwydsx-OpenGL-11.0"
        },
        "x86_64-darwin": {
          "outputs": [
            {
              "name": "out",
              "path": "/nix/store/1qdykggbf7fcwp8psdlavhcf5mkx94sw-OpenGL-11.0",
              "default": true
            }
          ],
          "store_path": "/nix/store/1qdykggbf7fcwp8psdlavhcf5mkx94sw-OpenGL-11.0"
        }
      }
    },
    "stdenv@latest": {
      "last_modified": "2023-02-24T09:01:09Z",
      "resolved": "github:NixOS/nixpkgs/7d0ed7f2e5aea07ab22ccb338d27fbe347ed2f11#stdenv",
      "source": "devbox-search"
    },
    "wayland@latest": {
      "last_modified": "2024-02-26T10:27:36Z",
      "resolved": "github:NixOS/nixpkgs/fcea2b6260dd566c28c894b4207a5f2b56c2cba3#wayland",
      "source": "devbox-search",
      "version": "1.22.0",
      "systems": {
        "aarch64-darwin": {
          "outputs": [
            {
              "name": "out",
              "path": "/nix/store/ns4qdjmwc87mbs5n12jzhlqa9snp89vc-wayland-1.22.0",
              "default": true
            },
            {
              "name": "bin",
              "path": "/nix/store/bgc8cb6fhzcqhrysnd8nnl0i01wj9lq4-wayland-1.22.0-bin",
              "default": true
            },
            {
              "name": "man",
              "path": "/nix/store/66c9hlp28447116i9d9qrb465w469y83-wayland-1.22.0-man",
              "default": true
            },
            {
              "name": "dev",
              "path": "/nix/store/4693jpvgd2g244cqrm7rg9av5iq6iy1q-wayland-1.22.0-dev"
            },
            {
              "name": "doc",
              "path": "/nix/store/x3vaglx0pzzwi9v9wlh363x8jrjpz7nj-wayland-1.22.0-doc"
            }
          ],
          "store_path": "/nix/store/ns4qdjmwc87mbs5n12jzhlqa9snp89vc-wayland-1.22.0"
        },
        "aarch64-linux": {
          "outputs": [
            {
              "name": "out",
              "path": "/nix/store/gcr9a5isz94v8yqy0awkp60kvrmyjz2q-wayland-1.22.0",
              "default": true
            },
            {
              "name": "bin",
              "path": "/nix/store/rh9qw8jafrqhhf22nsxgjs9906c4kcwn-wayland-1.22.0-bin",
              "default": true
            },
            {
              "name": "man",
              "path": "/nix/store/vcg0c0nsjl2ab6nibd5ylrm6h4vm3kjb-wayland-1.22.0-man",
              "default": true
            },
            {
              "name": "debug",
              "path": "/nix/store/3zxsyhm8jawsm065vv07d7yyik6lx007-wayland-1.22.0-debug"
            },
            {
              "name": "dev",
              "path": "/nix/store/q8drxp02jnram001qi9fafl3h4p6iyj4-wayland-1.22.0-dev"
            },
            {
              "name": "doc",
              "path": "/nix/store/a5g1jw4d4rdhbfr7pc0dgmw3f2wmd3qz-wayland-1.22.0-doc"
            }
          ],
          "store_path": "/nix/store/gcr9a5isz94v8yqy0awkp60kvrmyjz2q-wayland-1.22.0"
        },
        "x86_64-darwin": {
          "outputs": [
            {
              "name": "out",
              "path": "/nix/store/q887ihbxl86mik8qqrgcgw5cc5m4i0bw-wayland-1.22.0",
              "default": true
            },
            {
              "name": "bin",
              "path": "/nix/store/xd37l5k0fijjcvq6lgxsgf7r46m6w5xi-wayland-1.22.0-bin",
              "default": true
            },
            {
              "name": "man",
              "path": "/nix/store/knars8m06rk3974xwbzg9h6hy491m4sr-wayland-1.22.0-man",
              "default": true
            },
            {
              "name": "dev",
              "path": "/nix/store/d3zdxys11569ds97rl6py85lvgjj518z-wayland-1.22.0-dev"
            },
            {
              "name": "doc",
              "path": "/nix/store/apdk29lsyzvwdmm917wacfin84gxkk5j-wayland-1.22.0-doc"
            }
          ],
          "store_path": "/nix/store/q887ihbxl86mik8qqrgcgw5cc5m4i0bw-wayland-1.22.0"
        },
        "x86_64-linux": {
          "outputs": [
            {
              "name": "out",
              "path": "/nix/store/1iixlnbx1rh7mrwdr5javns99cylgikr-wayland-1.22.0",
              "default": true
            },
            {
              "name": "bin",
              "path": "/nix/store/yy6nwcb3k3bx1rv77n4qjgj7gdmnlk5b-wayland-1.22.0-bin",
              "default": true
            },
            {
              "name": "man",
              "path": "/nix/store/wq494a2q01l1180w6v0830ynkrr8b715-wayland-1.22.0-man",
              "default": true
            },
            {
              "name": "debug",
              "path": "/nix/store/z3haqb1cnap3kjrlg3cbss654n7nalw5-wayland-1.22.0-debug"
            },
            {
              "name": "dev",
              "path": "/nix/store/13ay8131gj00mjz9vmg37ypqyb5pppms-wayland-1.22.0-dev"
            },
            {
              "name": "doc",
              "path": "/nix/store/gq8332f52nb3nxyyfybzsjhrlb2rwqff-wayland-1.22.0-doc"
            }
          ],
          "store_path": "/nix/store/1iixlnbx1rh7mrwdr5javns99cylgikr-wayland-1.22.0"
        }
      }
    },
    "x11@latest": {
      "last_modified": "2022-02-15T04:21:50Z",
      "resolved": "github:NixOS/nixpkgs/3a641defd170a4ef25ce8c7c64cb13f91f867fca#x11",
      "source": "devbox-search"
    }
  }
}
