{
  "lockfile_version": "1",
  "packages": {
    "arrow-cpp@latest": {
      "last_modified": "2025-10-07T08:41:47Z",
      "resolved": "github:NixOS/nixpkgs/bce5fe2bb998488d8e7e7856315f90496723793c#arrow-cpp",
      "source": "devbox-search",
      "version": "20.0.0",
      "systems": {
        "aarch64-darwin": {
          "outputs": [
            {
              "name": "out",
              "path": "/nix/store/gfgd0nkwih24ckdnkbj766i03pfh202h-arrow-cpp-20.0.0",
              "default": true
            }
          ],
          "store_path": "/nix/store/gfgd0nkwih24ckdnkbj766i03pfh202h-arrow-cpp-20.0.0"
        },
        "aarch64-linux": {
          "outputs": [
            {
              "name": "out",
              "path": "/nix/store/g4s1qygbd0in12q5wc0lfikq9ln1k76c-arrow-cpp-20.0.0",
              "default": true
            }
          ],
          "store_path": "/nix/store/g4s1qygbd0in12q5wc0lfikq9ln1k76c-arrow-cpp-20.0.0"
        },
        "x86_64-darwin": {
          "outputs": [
            {
              "name": "out",
              "path": "/nix/store/8zk2c8yqkj73hq9abdabl3iwsd2d59ra-arrow-cpp-20.0.0",
              "default": true
            }
          ],
          "store_path": "/nix/store/8zk2c8yqkj73hq9abdabl3iwsd2d59ra-arrow-cpp-20.0.0"
        },
        "x86_64-linux": {
          "outputs": [
            {
              "name": "out",
              "path": "/nix/store/dhl19qwp4rjis7az7m7pj8ivl4jy1fgb-arrow-cpp-20.0.0",
              "default": true
            }
          ],
          "store_path": "/nix/store/dhl19qwp4rjis7az7m7pj8ivl4jy1fgb-arrow-cpp-20.0.0"
        }
      }
    },
    "boost.dev": {
      "resolved": "github:NixOS/nixpkgs/a7fc11be66bdfb5cdde611ee5ce381c183da8386?narHash=sha256-QoJjGd4NstnyOG4mm4KXF%2BweBzA2AH%2F7gn1Pmpfcb0A%3D#boost.dev",
      "source": "nixpkg"
    },
    "boost@latest": {
      "last_modified": "2025-10-07T08:41:47Z",
      "resolved": "github:NixOS/nixpkgs/bce5fe2bb998488d8e7e7856315f90496723793c#boost",
      "source": "devbox-search",
      "version": "1.87.0",
      "systems": {
        "aarch64-darwin": {
          "outputs": [
            {
              "name": "out",
              "path": "/nix/store/9yvd3ws2kkvi1mwjj1m44wb7ifn5jwcp-boost-1.87.0",
              "default": true
            },
            {
              "name": "dev",
              "path": "/nix/store/hvjrl2dfxcgpl43cdz75pll6nv9rb8ai-boost-1.87.0-dev"
            }
          ],
          "store_path": "/nix/store/9yvd3ws2kkvi1mwjj1m44wb7ifn5jwcp-boost-1.87.0"
        },
        "aarch64-linux": {
          "outputs": [
            {
              "name": "out",
              "path": "/nix/store/zvx8j31ng97ldc969hyziap8lgg5qhyi-boost-1.87.0",
              "default": true
            },
            {
              "name": "dev",
              "path": "/nix/store/h6m391g1dvd8d8qs94xh59ski4fbcyk8-boost-1.87.0-dev"
            }
          ],
          "store_path": "/nix/store/zvx8j31ng97ldc969hyziap8lgg5qhyi-boost-1.87.0"
        },
        "x86_64-darwin": {
          "outputs": [
            {
              "name": "out",
              "path": "/nix/store/k15blmch91i0n9vwx2x7p3w8vqggfza3-boost-1.87.0",
              "default": true
            },
            {
              "name": "dev",
              "path": "/nix/store/2z6x7dzap3liz2183diz9s1dhbax4fvk-boost-1.87.0-dev"
            }
          ],
          "store_path": "/nix/store/k15blmch91i0n9vwx2x7p3w8vqggfza3-boost-1.87.0"
        },
        "x86_64-linux": {
          "outputs": [
            {
              "name": "out",
              "path": "/nix/store/3f961lfjaswpa07sscarl5fffy05iwag-boost-1.87.0",
              "default": true
            },
            {
              "name": "dev",
              "path": "/nix/store/pfljy718vzlbycg1l9rzzh8rpzcjg9il-boost-1.87.0-dev"
            }
          ],
          "store_path": "/nix/store/3f961lfjaswpa07sscarl5fffy05iwag-boost-1.87.0"
        }
      }
    },
    "clang-tools@latest": {
      "last_modified": "2025-10-07T08:41:47Z",
      "resolved": "github:NixOS/nixpkgs/bce5fe2bb998488d8e7e7856315f90496723793c#clang-tools",
      "source": "devbox-search",
      "version": "21.1.1",
      "systems": {
        "aarch64-darwin": {
          "outputs": [
            {
              "name": "out",
              "path": "/nix/store/i5fkw9l1yxix62b0b0yk9vzd2a5ny785-clang-tools-21.1.1",
              "default": true
            }
          ],
          "store_path": "/nix/store/i5fkw9l1yxix62b0b0yk9vzd2a5ny785-clang-tools-21.1.1"
        },
        "aarch64-linux": {
          "outputs": [
            {
              "name": "out",
              "path": "/nix/store/hbnl0hvg35h3krwgzpjlnbjadpr5vlr6-clang-tools-21.1.1",
              "default": true
            }
          ],
          "store_path": "/nix/store/hbnl0hvg35h3krwgzpjlnbjadpr5vlr6-clang-tools-21.1.1"
        },
        "x86_64-darwin": {
          "outputs": [
            {
              "name": "out",
              "path": "/nix/store/bpr3wg4inb8km4kgfc95vynlb90in2q5-clang-tools-21.1.1",
              "default": true
            }
          ],
          "store_path": "/nix/store/bpr3wg4inb8km4kgfc95vynlb90in2q5-clang-tools-21.1.1"
        },
        "x86_64-linux": {
          "outputs": [
            {
              "name": "out",
              "path": "/nix/store/bs2gprqxgnkdrvzsz8l4k2mi776wxdip-clang-tools-21.1.1",
              "default": true
            }
          ],
          "store_path": "/nix/store/bs2gprqxgnkdrvzsz8l4k2mi776wxdip-clang-tools-21.1.1"
        }
      }
    },
    "clang@latest": {
      "last_modified": "2025-10-07T08:41:47Z",
      "resolved": "github:NixOS/nixpkgs/bce5fe2bb998488d8e7e7856315f90496723793c#clang",
      "source": "devbox-search",
      "version": "21.1.1",
      "systems": {
        "aarch64-darwin": {
          "outputs": [
            {
              "name": "out",
              "path": "/nix/store/l58v977vq4qy58m1bw60bzrpkywizz2b-clang-wrapper-21.1.1",
              "default": true
            }
          ],
          "store_path": "/nix/store/l58v977vq4qy58m1bw60bzrpkywizz2b-clang-wrapper-21.1.1"
        },
        "aarch64-linux": {
          "outputs": [
            {
              "name": "out",
              "path": "/nix/store/dr1dxs8cc8mz4h51g1qqrbxlvvcfcwx6-clang-wrapper-21.1.1",
              "default": true
            }
          ],
          "store_path": "/nix/store/dr1dxs8cc8mz4h51g1qqrbxlvvcfcwx6-clang-wrapper-21.1.1"
        },
        "x86_64-darwin": {
          "outputs": [
            {
              "name": "out",
              "path": "/nix/store/lm587kamzj0dkk3118i5gncn2jwl4rab-clang-wrapper-21.1.1",
              "default": true
            }
          ],
          "store_path": "/nix/store/lm587kamzj0dkk3118i5gncn2jwl4rab-clang-wrapper-21.1.1"
        },
        "x86_64-linux": {
          "outputs": [
            {
              "name": "out",
              "path": "/nix/store/d6syhmcp4rldmcc9bk42zssndi4q7kwq-clang-wrapper-21.1.1",
              "default": true
            }
          ],
          "store_path": "/nix/store/d6syhmcp4rldmcc9bk42zssndi4q7kwq-clang-wrapper-21.1.1"
        }
      }
    },
    "cli11@latest": {
      "last_modified": "2025-10-07T08:41:47Z",
      "resolved": "github:NixOS/nixpkgs/bce5fe2bb998488d8e7e7856315f90496723793c#cli11",
      "source": "devbox-search",
      "version": "2.5.0",
      "systems": {
        "aarch64-darwin": {
          "outputs": [
            {
              "name": "out",
              "path": "/nix/store/f4zfil7g5yrs9wmqdzpm245qp9d2pvxk-cli11-2.5.0",
              "default": true
            }
          ],
          "store_path": "/nix/store/f4zfil7g5yrs9wmqdzpm245qp9d2pvxk-cli11-2.5.0"
        },
        "aarch64-linux": {
          "outputs": [
            {
              "name": "out",
              "path": "/nix/store/v9nn642jgy73kl0vcl5j9mjm68d697a9-cli11-2.5.0",
              "default": true
            }
          ],
          "store_path": "/nix/store/v9nn642jgy73kl0vcl5j9mjm68d697a9-cli11-2.5.0"
        },
        "x86_64-darwin": {
          "outputs": [
            {
              "name": "out",
              "path": "/nix/store/254gn2mnfcjs77bfsxnh58wn9yz036ch-cli11-2.5.0",
              "default": true
            }
          ],
          "store_path": "/nix/store/254gn2mnfcjs77bfsxnh58wn9yz036ch-cli11-2.5.0"
        },
        "x86_64-linux": {
          "outputs": [
            {
              "name": "out",
              "path": "/nix/store/sw2nzm1sidypf6wmy6jd04qa8acb1rfp-cli11-2.5.0",
              "default": true
            }
          ],
          "store_path": "/nix/store/sw2nzm1sidypf6wmy6jd04qa8acb1rfp-cli11-2.5.0"
        }
      }
    },
    "cmake@latest": {
      "last_modified": "2025-10-07T08:41:47Z",
      "resolved": "github:NixOS/nixpkgs/bce5fe2bb998488d8e7e7856315f90496723793c#cmake",
      "source": "devbox-search",
      "version": "4.1.1",
      "systems": {
        "aarch64-darwin": {
          "outputs": [
            {
              "name": "out",
              "path": "/nix/store/7f42ksnx9chv8clzni5k3ym0dp5sk3xq-cmake-4.1.1",
              "default": true
            }
          ],
          "store_path": "/nix/store/7f42ksnx9chv8clzni5k3ym0dp5sk3xq-cmake-4.1.1"
        },
        "aarch64-linux": {
          "outputs": [
            {
              "name": "out",
              "path": "/nix/store/h0hdccgw5r28sia1lwaya4hbx10sngqf-cmake-4.1.1",
              "default": true
            },
            {
              "name": "debug",
              "path": "/nix/store/4bll6nx3fdscm70jfpcl9d3mzaz6qrq0-cmake-4.1.1-debug"
            }
          ],
          "store_path": "/nix/store/h0hdccgw5r28sia1lwaya4hbx10sngqf-cmake-4.1.1"
        },
        "x86_64-darwin": {
          "outputs": [
            {
              "name": "out",
              "path": "/nix/store/6cjky7lsm3n9fd1l1yfs084vawf8qs2c-cmake-4.1.1",
              "default": true
            }
          ],
          "store_path": "/nix/store/6cjky7lsm3n9fd1l1yfs084vawf8qs2c-cmake-4.1.1"
        },
        "x86_64-linux": {
          "outputs": [
            {
              "name": "out",
              "path": "/nix/store/2lrbixyw95bjg0x1aav648r0h0zsj2jl-cmake-4.1.1",
              "default": true
            },
            {
              "name": "debug",
              "path": "/nix/store/8ka255hfrrykda2a7g3k1b9gmyqcvfq3-cmake-4.1.1-debug"
            }
          ],
          "store_path": "/nix/store/2lrbixyw95bjg0x1aav648r0h0zsj2jl-cmake-4.1.1"
        }
      }
    },
    "cppzmq@latest": {
      "last_modified": "2025-10-07T08:41:47Z",
      "resolved": "github:NixOS/nixpkgs/bce5fe2bb998488d8e7e7856315f90496723793c#cppzmq",
      "source": "devbox-search",
      "version": "4.11.0",
      "systems": {
        "aarch64-darwin": {
          "outputs": [
            {
              "name": "out",
              "path": "/nix/store/81zq212639ys3c2amym9sfwyc3h5crnd-cppzmq-4.11.0",
              "default": true
            }
          ],
          "store_path": "/nix/store/81zq212639ys3c2amym9sfwyc3h5crnd-cppzmq-4.11.0"
        },
        "aarch64-linux": {
          "outputs": [
            {
              "name": "out",
              "path": "/nix/store/3vpkkji77p7p34y509g1acszjk876wak-cppzmq-4.11.0",
              "default": true
            }
          ],
          "store_path": "/nix/store/3vpkkji77p7p34y509g1acszjk876wak-cppzmq-4.11.0"
        },
        "x86_64-darwin": {
          "outputs": [
            {
              "name": "out",
              "path": "/nix/store/nzzks821zrxxm67h0sp4bzhjvg7n3zkl-cppzmq-4.11.0",
              "default": true
            }
          ],
          "store_path": "/nix/store/nzzks821zrxxm67h0sp4bzhjvg7n3zkl-cppzmq-4.11.0"
        },
        "x86_64-linux": {
          "outputs": [
            {
              "name": "out",
              "path": "/nix/store/9wxpxmb4ml9brck5pic2yznvhchnhih9-cppzmq-4.11.0",
              "default": true
            }
          ],
          "store_path": "/nix/store/9wxpxmb4ml9brck5pic2yznvhchnhih9-cppzmq-4.11.0"
        }
      }
    },
    "fmt.dev": {
      "resolved": "github:NixOS/nixpkgs/a7fc11be66bdfb5cdde611ee5ce381c183da8386?narHash=sha256-QoJjGd4NstnyOG4mm4KXF%2BweBzA2AH%2F7gn1Pmpfcb0A%3D#fmt.dev",
      "source": "nixpkg"
    },
    "fmt@latest": {
      "last_modified": "2025-10-07T08:41:47Z",
      "resolved": "github:NixOS/nixpkgs/bce5fe2bb998488d8e7e7856315f90496723793c#fmt",
      "source": "devbox-search",
      "version": "11.2.0",
      "systems": {
        "aarch64-darwin": {
          "outputs": [
            {
              "name": "out",
              "path": "/nix/store/rm1h8cdqg11ysv5p2g6v1pvgxgx6csp0-fmt-11.2.0",
              "default": true
            },
            {
              "name": "dev",
              "path": "/nix/store/62zqa5mmjqf61bgzgjv1r7im1f0c36ip-fmt-11.2.0-dev"
            }
          ],
          "store_path": "/nix/store/rm1h8cdqg11ysv5p2g6v1pvgxgx6csp0-fmt-11.2.0"
        },
        "aarch64-linux": {
          "outputs": [
            {
              "name": "out",
              "path": "/nix/store/pimdipjwadhbak6y9f5xcinv4n364awi-fmt-11.2.0",
              "default": true
            },
            {
              "name": "dev",
              "path": "/nix/store/klrlp29wavrjqsigs9npfg8giwrsn9hr-fmt-11.2.0-dev"
            }
          ],
          "store_path": "/nix/store/pimdipjwadhbak6y9f5xcinv4n364awi-fmt-11.2.0"
        },
        "x86_64-darwin": {
          "outputs": [
            {
              "name": "out",
              "path": "/nix/store/3y53gr4jl3mcmdh531d314y738pnjyra-fmt-11.2.0",
              "default": true
            },
            {
              "name": "dev",
              "path": "/nix/store/vmkwq77fxb95bhrclqaz9c6bssvj5gjn-fmt-11.2.0-dev"
            }
          ],
          "store_path": "/nix/store/3y53gr4jl3mcmdh531d314y738pnjyra-fmt-11.2.0"
        },
        "x86_64-linux": {
          "outputs": [
            {
              "name": "out",
              "path": "/nix/store/gb5pbr00lh9wk14y0xq92mh7ddsp048f-fmt-11.2.0",
              "default": true
            },
            {
              "name": "dev",
              "path": "/nix/store/ajzaakbyyn9l9dzgp01g7bvfijqvpb6j-fmt-11.2.0-dev"
            }
          ],
          "store_path": "/nix/store/gb5pbr00lh9wk14y0xq92mh7ddsp048f-fmt-11.2.0"
        }
      }
    },
    "gcc.cc.lib": {
      "resolved": "github:NixOS/nixpkgs/a7fc11be66bdfb5cdde611ee5ce381c183da8386?narHash=sha256-QoJjGd4NstnyOG4mm4KXF%2BweBzA2AH%2F7gn1Pmpfcb0A%3D#gcc.cc.lib",
      "source": "nixpkg"
    },
    "gcc@13.3": {
      "last_modified": "2024-12-03T12:40:06Z",
      "resolved": "github:NixOS/nixpkgs/566e53c2ad750c84f6d31f9ccb9d00f823165550#gcc",
      "source": "devbox-search",
      "version": "13.3.0",
      "systems": {
        "aarch64-darwin": {
          "outputs": [
            {
              "name": "out",
              "path": "/nix/store/3hq83bgy41m9xpifm3hknjf96v75sg33-gcc-wrapper-13.3.0",
              "default": true
            },
            {
              "name": "man",
              "path": "/nix/store/ncrvhf5cml7cpi34ah1fvpablyk9j3jf-gcc-wrapper-13.3.0-man",
              "default": true
            },
            {
              "name": "info",
              "path": "/nix/store/95lwddr3xhz110pyjkg9i7zczbi32bjb-gcc-wrapper-13.3.0-info"
            }
          ],
          "store_path": "/nix/store/3hq83bgy41m9xpifm3hknjf96v75sg33-gcc-wrapper-13.3.0"
        },
        "aarch64-linux": {
          "outputs": [
            {
              "name": "out",
              "path": "/nix/store/ay4xxbjafns12mn2ilhz4y7d3m3ziwqg-gcc-wrapper-13.3.0",
              "default": true
            },
            {
              "name": "man",
              "path": "/nix/store/5y6fmjxpv2xc7zhvn02w4ikg1n1rgm0d-gcc-wrapper-13.3.0-man",
              "default": true
            },
            {
              "name": "info",
              "path": "/nix/store/b0b2h9n97bpwrdxnazh70nlv0knlpd7s-gcc-wrapper-13.3.0-info"
            }
          ],
          "store_path": "/nix/store/ay4xxbjafns12mn2ilhz4y7d3m3ziwqg-gcc-wrapper-13.3.0"
        },
        "x86_64-darwin": {
          "outputs": [
            {
              "name": "out",
              "path": "/nix/store/hjrymxy8p9fkcqzdi4qd6qcvy9fdkcn1-gcc-wrapper-13.3.0",
              "default": true
            },
            {
              "name": "man",
              "path": "/nix/store/156gcfrrmschaslcc4vbblmg86wcv1wb-gcc-wrapper-13.3.0-man",
              "default": true
            },
            {
              "name": "info",
              "path": "/nix/store/9msszmhia74i4x5bcz8w5pnqnyj0r563-gcc-wrapper-13.3.0-info"
            }
          ],
          "store_path": "/nix/store/hjrymxy8p9fkcqzdi4qd6qcvy9fdkcn1-gcc-wrapper-13.3.0"
        },
        "x86_64-linux": {
          "outputs": [
            {
              "name": "out",
              "path": "/nix/store/4apajimszc47rxwcpvc3g3rj2icinl71-gcc-wrapper-13.3.0",
              "default": true
            },
            {
              "name": "man",
              "path": "/nix/store/g6dl0niwffyhk1l59r4zxv94fklx7ijg-gcc-wrapper-13.3.0-man",
              "default": true
            },
            {
              "name": "info",
              "path": "/nix/store/nhjmrmkzyqsff9maxrl0pskqbizpqikz-gcc-wrapper-13.3.0-info"
            }
          ],
          "store_path": "/nix/store/4apajimszc47rxwcpvc3g3rj2icinl71-gcc-wrapper-13.3.0"
        }
      }
    },
    "github:NixOS/nixpkgs/nixpkgs-unstable": {
      "last_modified": "2025-10-31T03:13:32Z",
      "resolved": "github:NixOS/nixpkgs/a7fc11be66bdfb5cdde611ee5ce381c183da8386?lastModified=1761880412&narHash=sha256-QoJjGd4NstnyOG4mm4KXF%2BweBzA2AH%2F7gn1Pmpfcb0A%3D"
    },
    "libsodium@latest": {
      "last_modified": "2025-10-07T08:41:47Z",
      "resolved": "github:NixOS/nixpkgs/bce5fe2bb998488d8e7e7856315f90496723793c#libsodium",
      "source": "devbox-search",
      "version": "1.0.20",
      "systems": {
        "aarch64-darwin": {
          "outputs": [
            {
              "name": "out",
              "path": "/nix/store/60zs92i41y64rcv6pvb26kfjb227z6qv-libsodium-1.0.20",
              "default": true
            },
            {
              "name": "dev",
              "path": "/nix/store/xw2in32sra7sq1xc9mi8gblhlyx1391r-libsodium-1.0.20-dev"
            }
          ],
          "store_path": "/nix/store/60zs92i41y64rcv6pvb26kfjb227z6qv-libsodium-1.0.20"
        },
        "aarch64-linux": {
          "outputs": [
            {
              "name": "out",
              "path": "/nix/store/md01hkhi8cgx9a8nfwqd13qr5ly9lnmh-libsodium-1.0.20",
              "default": true
            },
            {
              "name": "debug",
              "path": "/nix/store/5xb8mgbdbh8ls85w4rx9lp4g5sywnmwz-libsodium-1.0.20-debug"
            },
            {
              "name": "dev",
              "path": "/nix/store/lar68xa4jb0hmn6lskd2bpcmr4cv9gh3-libsodium-1.0.20-dev"
            }
          ],
          "store_path": "/nix/store/md01hkhi8cgx9a8nfwqd13qr5ly9lnmh-libsodium-1.0.20"
        },
        "x86_64-darwin": {
          "outputs": [
            {
              "name": "out",
              "path": "/nix/store/gk1l50p6fbrkj42ix0w4sxspwddcx6a2-libsodium-1.0.20",
              "default": true
            },
            {
              "name": "dev",
              "path": "/nix/store/cpf1nhbr0c9gh6z6gvn90bnbklflh6rs-libsodium-1.0.20-dev"
            }
          ],
          "store_path": "/nix/store/gk1l50p6fbrkj42ix0w4sxspwddcx6a2-libsodium-1.0.20"
        },
        "x86_64-linux": {
          "outputs": [
            {
              "name": "out",
              "path": "/nix/store/1l4r8yk3d8chs04iw5h6bic3vs5ycj9g-libsodium-1.0.20",
              "default": true
            },
            {
              "name": "debug",
              "path": "/nix/store/7hpfp03276wz4ii04mdh8gzvxxdnhkc2-libsodium-1.0.20-debug"
            },
            {
              "name": "dev",
              "path": "/nix/store/jm1fdn326j7q2fc2rznkr60xfwjanzq3-libsodium-1.0.20-dev"
            }
          ],
          "store_path": "/nix/store/1l4r8yk3d8chs04iw5h6bic3vs5ycj9g-libsodium-1.0.20"
        }
      }
    },
    "rerun@latest": {
      "last_modified": "2025-10-28T12:57:11Z",
      "resolved": "github:NixOS/nixpkgs/e99366c665bdd53b7b500ccdc5226675cfc51f45#rerun",
      "source": "devbox-search",
      "version": "0.26.2",
      "systems": {
        "aarch64-darwin": {
          "outputs": [
            {
              "name": "out",
              "path": "/nix/store/6apy1lsb9svixcskg0jkbkhl5mdn6lrl-rerun-0.26.2",
              "default": true
            }
          ],
          "store_path": "/nix/store/6apy1lsb9svixcskg0jkbkhl5mdn6lrl-rerun-0.26.2"
        },
        "aarch64-linux": {
          "outputs": [
            {
              "name": "out",
              "path": "/nix/store/4b5gsr87snifi3sz1vz13af32rfzdy0k-rerun-0.26.2",
              "default": true
            }
          ],
          "store_path": "/nix/store/4b5gsr87snifi3sz1vz13af32rfzdy0k-rerun-0.26.2"
        },
        "x86_64-darwin": {
          "outputs": [
            {
              "name": "out",
              "path": "/nix/store/ya2hn5m2zawkl9dwhmsicwmbmp9p03mr-rerun-0.26.2",
              "default": true
            }
          ],
          "store_path": "/nix/store/ya2hn5m2zawkl9dwhmsicwmbmp9p03mr-rerun-0.26.2"
        },
        "x86_64-linux": {
          "outputs": [
            {
              "name": "out",
              "path": "/nix/store/1nhci159mdg2kzg53ifawjaj8vw162rc-rerun-0.26.2",
              "default": true
            }
          ],
          "store_path": "/nix/store/1nhci159mdg2kzg53ifawjaj8vw162rc-rerun-0.26.2"
        }
      }
    },
    "spdlog.dev": {
      "resolved": "github:NixOS/nixpkgs/a7fc11be66bdfb5cdde611ee5ce381c183da8386?narHash=sha256-QoJjGd4NstnyOG4mm4KXF%2BweBzA2AH%2F7gn1Pmpfcb0A%3D#spdlog.dev",
      "source": "nixpkg"
    },
    "spdlog@latest": {
      "last_modified": "2025-10-07T08:41:47Z",
      "resolved": "github:NixOS/nixpkgs/bce5fe2bb998488d8e7e7856315f90496723793c#spdlog",
      "source": "devbox-search",
      "version": "1.15.3",
      "systems": {
        "aarch64-darwin": {
          "outputs": [
            {
              "name": "out",
              "path": "/nix/store/40kqxzmd3nsb36sdp1pibiqnkxrbz3vc-spdlog-1.15.3",
              "default": true
            },
            {
              "name": "dev",
              "path": "/nix/store/hwg9j16ryzwjanwhlyrvrflxx1p2mp8g-spdlog-1.15.3-dev"
            },
            {
              "name": "doc",
              "path": "/nix/store/xnk5dpr5aln4fzsxq1n0bbzi9iqr49z6-spdlog-1.15.3-doc"
            }
          ],
          "store_path": "/nix/store/40kqxzmd3nsb36sdp1pibiqnkxrbz3vc-spdlog-1.15.3"
        },
        "aarch64-linux": {
          "outputs": [
            {
              "name": "out",
              "path": "/nix/store/1zkf55yvrqk85d6b5sxxlrkxv692g4r0-spdlog-1.15.3",
              "default": true
            },
            {
              "name": "dev",
              "path": "/nix/store/d9g1ng634c682z2ylwkxx9iwcwsvmgfr-spdlog-1.15.3-dev"
            },
            {
              "name": "doc",
              "path": "/nix/store/km14n3zqfj6jsa7xpd5r1rk1v68pihdw-spdlog-1.15.3-doc"
            }
          ],
          "store_path": "/nix/store/1zkf55yvrqk85d6b5sxxlrkxv692g4r0-spdlog-1.15.3"
        },
        "x86_64-darwin": {
          "outputs": [
            {
              "name": "out",
              "path": "/nix/store/1pgc8243b8j9p60cq1f97vi531287gws-spdlog-1.15.3",
              "default": true
            },
            {
              "name": "dev",
              "path": "/nix/store/z4hl94ch0mx0r8j5qx7v8s0y791vn8cb-spdlog-1.15.3-dev"
            },
            {
              "name": "doc",
              "path": "/nix/store/0369bgxnbrfmy2pkf3kvwvi9m6s6lr2y-spdlog-1.15.3-doc"
            }
          ],
          "store_path": "/nix/store/1pgc8243b8j9p60cq1f97vi531287gws-spdlog-1.15.3"
        },
        "x86_64-linux": {
          "outputs": [
            {
              "name": "out",
              "path": "/nix/store/zmhybj0xvz20gjsy03rq0gnpa26q8xnc-spdlog-1.15.3",
              "default": true
            },
            {
              "name": "dev",
              "path": "/nix/store/w65w8pfl2d0iw9p1qfdqgv0bpn1q550z-spdlog-1.15.3-dev"
            },
            {
              "name": "doc",
              "path": "/nix/store/zdjdlnq51w5mnl6p0af3lfgh3ihj6193-spdlog-1.15.3-doc"
            }
          ],
          "store_path": "/nix/store/zmhybj0xvz20gjsy03rq0gnpa26q8xnc-spdlog-1.15.3"
        }
      }
    },
    "stdenv@latest": {
      "last_modified": "2023-02-24T09:01:09Z",
      "resolved": "github:NixOS/nixpkgs/7d0ed7f2e5aea07ab22ccb338d27fbe347ed2f11#stdenv",
      "source": "devbox-search"
    },
    "tbb.dev": {
      "resolved": "github:NixOS/nixpkgs/a7fc11be66bdfb5cdde611ee5ce381c183da8386?narHash=sha256-QoJjGd4NstnyOG4mm4KXF%2BweBzA2AH%2F7gn1Pmpfcb0A%3D#tbb.dev",
      "source": "nixpkg"
    },
    "tbb@latest": {
      "last_modified": "2025-09-18T16:33:27Z",
      "resolved": "github:NixOS/nixpkgs/f4b140d5b253f5e2a1ff4e5506edbf8267724bde#tbb",
      "source": "devbox-search",
      "version": "2020.3.3",
      "systems": {
        "aarch64-darwin": {
          "outputs": [
            {
              "name": "out",
              "path": "/nix/store/93fhzpbmbbgvpc1f6b0jfh0h0l78sk5a-tbb-2020.3.3",
              "default": true
            },
            {
              "name": "dev",
              "path": "/nix/store/bjramyms6ki0vprqlv78fq1kbk24an0w-tbb-2020.3.3-dev"
            }
          ],
          "store_path": "/nix/store/93fhzpbmbbgvpc1f6b0jfh0h0l78sk5a-tbb-2020.3.3"
        },
        "aarch64-linux": {
          "outputs": [
            {
              "name": "out",
              "path": "/nix/store/dnyw7am5dc1rfqz0zwjymx7y8l9mfclg-tbb-2020.3.3",
              "default": true
            },
            {
              "name": "dev",
              "path": "/nix/store/m1sx3px6hl3xwjg6c2w7yrrnm0gf4xra-tbb-2020.3.3-dev"
            }
          ],
          "store_path": "/nix/store/dnyw7am5dc1rfqz0zwjymx7y8l9mfclg-tbb-2020.3.3"
        },
        "x86_64-darwin": {
          "outputs": [
            {
              "name": "out",
              "path": "/nix/store/m744yza5nvbn0m0lby3npkkjk91140w4-tbb-2020.3.3",
              "default": true
            },
            {
              "name": "dev",
              "path": "/nix/store/bskcrpha69q53hizd5i3pqb22vgks42r-tbb-2020.3.3-dev"
            }
          ],
          "store_path": "/nix/store/m744yza5nvbn0m0lby3npkkjk91140w4-tbb-2020.3.3"
        },
        "x86_64-linux": {
          "outputs": [
            {
              "name": "out",
              "path": "/nix/store/26q4j2d947bl56za1zz498a0b6g9h8ji-tbb-2020.3.3",
              "default": true
            },
            {
              "name": "dev",
              "path": "/nix/store/gmmir8s344x0gh0dmsrbc1k86avr9b1b-tbb-2020.3.3-dev"
            }
          ],
          "store_path": "/nix/store/26q4j2d947bl56za1zz498a0b6g9h8ji-tbb-2020.3.3"
        }
      }
    },
    "zeromq@latest": {
      "last_modified": "2025-10-07T08:41:47Z",
      "resolved": "github:NixOS/nixpkgs/bce5fe2bb998488d8e7e7856315f90496723793c#zeromq",
      "source": "devbox-search",
      "version": "4.3.5",
      "systems": {
        "aarch64-darwin": {
          "outputs": [
            {
              "name": "out",
              "path": "/nix/store/iyk0fnqc5z849shdqdzygx15k2fbf7d3-zeromq-4.3.5",
              "default": true
            }
          ],
          "store_path": "/nix/store/iyk0fnqc5z849shdqdzygx15k2fbf7d3-zeromq-4.3.5"
        },
        "aarch64-linux": {
          "outputs": [
            {
              "name": "out",
              "path": "/nix/store/002kpgcrra1xgnqkrq4izpk99zwi5rpa-zeromq-4.3.5",
              "default": true
            }
          ],
          "store_path": "/nix/store/002kpgcrra1xgnqkrq4izpk99zwi5rpa-zeromq-4.3.5"
        },
        "x86_64-darwin": {
          "outputs": [
            {
              "name": "out",
              "path": "/nix/store/wwp1453rbszkcrikfap2kb31a33y04xy-zeromq-4.3.5",
              "default": true
            }
          ],
          "store_path": "/nix/store/wwp1453rbszkcrikfap2kb31a33y04xy-zeromq-4.3.5"
        },
        "x86_64-linux": {
          "outputs": [
            {
              "name": "out",
              "path": "/nix/store/87l9z33ihnvms5qdl08k322a92ywa0cb-zeromq-4.3.5",
              "default": true
            }
          ],
          "store_path": "/nix/store/87l9z33ihnvms5qdl08k322a92ywa0cb-zeromq-4.3.5"
        }
      }
    }
  }
}
